<Solution>
  <Project Path="Alice in Cradle XiaoMiaoICa of Mod/AIC_XiaoMiaoICa_Mod_DLL.csproj" Id="f7d40663-0175-4f83-a1d3-7749b59d1924" />
  <Project Path="EventEditorModMiddleware/EventEditorModMiddleware.csproj" Id="0e32a0ca-f1e3-47e2-860d-291d5fa4d33f" />
  <Project Path="installer Mod/installer Mod.csproj" Id="2578e9ae-5238-4740-a1bb-98e27aa49d1e" />
</Solution>
